
Microsoft Visual Studio Solution File, Format Version 12.00
# Visual Studio Version 17
VisualStudioVersion = 17.14.36221.1
MinimumVisualStudioVersion = 10.0.40219.1
Project("{FAE04EC0-301F-11D3-BF4B-00C04F79EFBC}") = "Loans_Range", "Loans Range\Loans_Range.csproj", "{A54D708B-E963-43F8-AFDE-1FE0C919A41C}"
EndProject
Global
	GlobalSection(SolutionConfigurationPlatforms) = preSolution
		Debug|Any CPU = Debug|Any CPU
		Release|Any CPU = Release|Any CPU
	EndGlobalSection
	GlobalSection(ProjectConfigurationPlatforms) = postSolution
		{A54D708B-E963-43F8-AFDE-1FE0C919A41C}.Debug|Any CPU.ActiveCfg = Debug|Any CPU
		{A54D708B-E963-43F8-AFDE-1FE0C919A41C}.Debug|Any CPU.Build.0 = Debug|Any CPU
		{A54D708B-E963-43F8-AFDE-1FE0C919A41C}.Release|Any CPU.ActiveCfg = Release|Any CPU
		{A54D708B-E963-43F8-AFDE-1FE0C919A41C}.Release|Any CPU.Build.0 = Release|Any CPU
	EndGlobalSection
	GlobalSection(SolutionProperties) = preSolution
		HideSolutionNode = FALSE
	EndGlobalSection
	GlobalSection(ExtensibilityGlobals) = postSolution
		SolutionGuid = {F95DD43B-7C40-423B-A188-87BDB99D580E}
	EndGlobalSection
EndGlobal
